
Microsoft Visual Studio Solution File, Format Version 12.00
# Visual Studio Version 16
VisualStudioVersion = 16.0.29613.14
MinimumVisualStudioVersion = 10.0.40219.1
Project("{FAE04EC0-301F-11D3-BF4B-00C04F79EFBC}") = "Get Inventory MI", "Get Inventory MI\Get Inventory MI.csproj", "{3889AA70-4E3F-456A-A2ED-0F6304D3D9D8}"
EndProject
Global
	GlobalSection(SolutionConfigurationPlatforms) = preSolution
		Debug|Any CPU = Debug|Any CPU
		Release|Any CPU = Release|Any CPU
	EndGlobalSection
	GlobalSection(ProjectConfigurationPlatforms) = postSolution
		{3889AA70-4E3F-456A-A2ED-0F6304D3D9D8}.Debug|Any CPU.ActiveCfg = Debug|Any CPU
		{3889AA70-4E3F-456A-A2ED-0F6304D3D9D8}.Debug|Any CPU.Build.0 = Debug|Any CPU
		{3889AA70-4E3F-456A-A2ED-0F6304D3D9D8}.Release|Any CPU.ActiveCfg = Release|Any CPU
		{3889AA70-4E3F-456A-A2ED-0F6304D3D9D8}.Release|Any CPU.Build.0 = Release|Any CPU
	EndGlobalSection
	GlobalSection(SolutionProperties) = preSolution
		HideSolutionNode = FALSE
	EndGlobalSection
	GlobalSection(ExtensibilityGlobals) = postSolution
		SolutionGuid = {3D3F9F1D-1686-4F84-B0B4-4C0585106F22}
	EndGlobalSection
EndGlobal
